{
  "nodes": {
    "darwin": {
      "inputs": {
        "nixpkgs": [
          "nixpkgs"
        ]
      },
      "locked": {
        "lastModified": 1663590770,
        "narHash": "sha256-W08mEkxzHbdrE3xw+x6A/i14P2S4iYpcQ5VsUPnSPU4=",
        "owner": "lnl7",
        "repo": "nix-darwin",
        "rev": "14a12e9ee72215b5f1e7dcbbff52e21a2e1d688c",
        "type": "github"
      },
      "original": {
        "owner": "lnl7",
        "repo": "nix-darwin",
        "type": "github"
      }
    },
    "flake-utils": {
      "locked": {
        "lastModified": 1659877975,
        "narHash": "sha256-zllb8aq3YO3h8B/U0/J1WBgAL8EX5yWf5pMj3G0NAmc=",
        "owner": "numtide",
        "repo": "flake-utils",
        "rev": "c0e246b9b83f637f4681389ecabcb2681b4f3af0",
        "type": "github"
      },
      "original": {
        "owner": "numtide",
        "repo": "flake-utils",
        "type": "github"
      }
    },
    "flake-utils_2": {
      "locked": {
        "lastModified": 1656928814,
        "narHash": "sha256-RIFfgBuKz6Hp89yRr7+NR5tzIAbn52h8vT6vXkYjZoM=",
        "owner": "numtide",
        "repo": "flake-utils",
        "rev": "7e2a3b3dfd9af950a856d66b0a7d01e3c18aa249",
        "type": "github"
      },
      "original": {
        "owner": "numtide",
        "repo": "flake-utils",
        "type": "github"
      }
    },
    "home-manager": {
      "inputs": {
        "nixpkgs": [
          "nixpkgs"
        ],
        "utils": "utils"
      },
      "locked": {
        "lastModified": 1663629861,
        "narHash": "sha256-CjfQUyPfG/hkE4jnMcTvVJ0ubc84u8ySruZL+emXMjw=",
        "owner": "nix-community",
        "repo": "home-manager",
        "rev": "41790ba656bafc023f48ccdbbe7816d30fd52d76",
        "type": "github"
      },
      "original": {
        "owner": "nix-community",
        "repo": "home-manager",
        "type": "github"
      }
    },
    "nix-direnv_custom": {
      "inputs": {
        "flake-utils": "flake-utils_2",
        "nixpkgs": [
          "nixpkgs"
        ]
      },
      "locked": {
        "lastModified": 1660551550,
        "narHash": "sha256-ZXW296CyZlCY2HBnAtfxDianhXwGRZRuUMWzC4GuxIU=",
        "owner": "sepiabrown",
        "repo": "nix-direnv",
        "rev": "11ceaf0eac05a0bf63fc24feb0f0166976b143c5",
        "type": "github"
      },
      "original": {
        "owner": "sepiabrown",
        "ref": "test_experimental",
        "repo": "nix-direnv",
        "type": "github"
      }
    },
    "nixpkgs": {
      "locked": {
        "lastModified": 1663494472,
        "narHash": "sha256-fSowlaoXXWcAM8m9wA6u+eTJJtvruYHMA+Lb/tFi/qM=",
        "owner": "NixOS",
        "repo": "nixpkgs",
        "rev": "f677051b8dc0b5e2a9348941c99eea8c4b0ff28f",
        "type": "github"
      },
      "original": {
        "id": "nixpkgs",
        "ref": "nixos-unstable",
        "type": "indirect"
      }
    },
    "root": {
      "inputs": {
        "darwin": "darwin",
        "flake-utils": "flake-utils",
        "home-manager": "home-manager",
        "nix-direnv_custom": "nix-direnv_custom",
        "nixpkgs": "nixpkgs"
      }
    },
    "utils": {
      "locked": {
        "lastModified": 1659877975,
        "narHash": "sha256-zllb8aq3YO3h8B/U0/J1WBgAL8EX5yWf5pMj3G0NAmc=",
        "owner": "numtide",
        "repo": "flake-utils",
        "rev": "c0e246b9b83f637f4681389ecabcb2681b4f3af0",
        "type": "github"
      },
      "original": {
        "owner": "numtide",
        "repo": "flake-utils",
        "type": "github"
      }
    }
  },
  "root": "root",
  "version": 7
}
